
Microsoft Visual Studio Solution File, Format Version 9.00
# Visual Studio 2005
Project("{FAE04EC0-301F-11D3-BF4B-00C04F79EFBC}") = "TestDBTool", "TestDBTool\TestDBTool.csproj", "{D60FFE25-4EDA-4454-B8BA-19D297264AC3}"
EndProject
Global
	GlobalSection(SolutionConfigurationPlatforms) = preSolution
		Debug|Any CPU = Debug|Any CPU
		Release|Any CPU = Release|Any CPU
	EndGlobalSection
	GlobalSection(ProjectConfigurationPlatforms) = postSolution
		{D60FFE25-4EDA-4454-B8BA-19D297264AC3}.Debug|Any CPU.ActiveCfg = Debug|Any CPU
		{D60FFE25-4EDA-4454-B8BA-19D297264AC3}.Debug|Any CPU.Build.0 = Debug|Any CPU
		{D60FFE25-4EDA-4454-B8BA-19D297264AC3}.Release|Any CPU.ActiveCfg = Release|Any CPU
		{D60FFE25-4EDA-4454-B8BA-19D297264AC3}.Release|Any CPU.Build.0 = Release|Any CPU
	EndGlobalSection
	GlobalSection(SolutionProperties) = preSolution
		HideSolutionNode = FALSE
	EndGlobalSection
EndGlobal
